{
  "name": "spark-web-shell",
  "version": "0.0.0",
  "lockfileVersion": 1,
  "requires": true,
  "dependencies": {
    "@angular/animations": {
      "version": "5.2.4",
      "resolved": "https://registry.npmjs.org/@angular/animations/-/animations-5.2.4.tgz",
      "integrity": "sha512-kLOUORV/2GdYsNSwmUsB3eEL+nAoBZYKgibYLkVy6oecrIbdFMWiNzLcFjX/avcMnb1UNMk24Hd7Of4C2UawPA==",
      "requires": {
        "tslib": "1.9.0"
      }
    },
    "primeng": {
      "version": "5.2.0",
      "resolved": "https://registry.npmjs.org/primeng/-/primeng-5.2.0.tgz",
      "integrity": "sha512-70+QSR5bCtYV+jmqmsYIdE1pkBse/pCSgU7m71d0VNEagmyY1JNKIp9mKdL7MSbUE/fGdbqfkhkmUeP+x4N2jw=="
    },
    "tslib": {
      "version": "1.9.0",
      "resolved": "https://registry.npmjs.org/tslib/-/tslib-1.9.0.tgz",
      "integrity": "sha512-f/qGG2tUkrISBlQZEjEqoZ3B2+npJjIf04H1wuAv9iA8i04Icp+61KRXxFdha22670NJopsZCIjhC3SnjPRKrQ=="
    }
  }
}
